
Microsoft Visual Studio Solution File, Format Version 12.00
# Visual Studio Version 17
VisualStudioVersion = 17.9.34723.18
MinimumVisualStudioVersion = 10.0.40219.1
Project("{FAE04EC0-301F-11D3-BF4B-00C04F79EFBC}") = "EmpManager", "EmpManager\EmpManager.csproj", "{9AAE5762-D98B-4535-8A6D-97573E21B37A}"
EndProject
Global
	GlobalSection(SolutionConfigurationPlatforms) = preSolution
		Debug|Any CPU = Debug|Any CPU
		Release|Any CPU = Release|Any CPU
	EndGlobalSection
	GlobalSection(ProjectConfigurationPlatforms) = postSolution
		{9AAE5762-D98B-4535-8A6D-97573E21B37A}.Debug|Any CPU.ActiveCfg = Debug|Any CPU
		{9AAE5762-D98B-4535-8A6D-97573E21B37A}.Debug|Any CPU.Build.0 = Debug|Any CPU
		{9AAE5762-D98B-4535-8A6D-97573E21B37A}.Release|Any CPU.ActiveCfg = Release|Any CPU
		{9AAE5762-D98B-4535-8A6D-97573E21B37A}.Release|Any CPU.Build.0 = Release|Any CPU
	EndGlobalSection
	GlobalSection(SolutionProperties) = preSolution
		HideSolutionNode = FALSE
	EndGlobalSection
	GlobalSection(ExtensibilityGlobals) = postSolution
		SolutionGuid = {0871FA2A-597B-4201-9A55-FCCA0A2B943C}
	EndGlobalSection
EndGlobal
